
Microsoft Visual Studio Solution File, Format Version 12.00
# Visual Studio 15
VisualStudioVersion = 15.0.28307.168
MinimumVisualStudioVersion = 10.0.40219.1
Project("{2150E333-8FDC-42A3-9474-1A3956D46DE8}") = "0-Modeling, Design and Documentation", "0-Modeling, Design and Documentation", "{67B2B13E-CCAF-4402-918D-280F5CFFC29C}"
EndProject
Project("{2150E333-8FDC-42A3-9474-1A3956D46DE8}") = "1-Layers", "1-Layers", "{50974818-43AF-4EE0-BDF2-2C4C092D343E}"
EndProject
Project("{2150E333-8FDC-42A3-9474-1A3956D46DE8}") = "1.1-Presentation", "1.1-Presentation", "{57DCE29F-CC61-49AF-B4C0-C58E82FB77BB}"
EndProject
Project("{2150E333-8FDC-42A3-9474-1A3956D46DE8}") = "1.2-Distributed Services", "1.2-Distributed Services", "{1E6FC4D3-BB91-4DD5-9E5E-7C5AF57FBC7C}"
EndProject
Project("{2150E333-8FDC-42A3-9474-1A3956D46DE8}") = "1.3-Infrastructure", "1.3-Infrastructure", "{97411944-45DE-45C7-A560-6ACCE68C71AF}"
EndProject
Project("{2150E333-8FDC-42A3-9474-1A3956D46DE8}") = "Domain", "Domain", "{AA8EF001-F16F-4D45-B491-4EC2B7A777DB}"
EndProject
Project("{2150E333-8FDC-42A3-9474-1A3956D46DE8}") = "Infrastructure", "Infrastructure", "{E27D2E26-1F17-4288-9409-30D887748B35}"
EndProject
Project("{2150E333-8FDC-42A3-9474-1A3956D46DE8}") = "Agents", "Agents", "{0F909B29-DE2B-4F34-A9A2-B78523F59FE3}"
EndProject
Project("{2150E333-8FDC-42A3-9474-1A3956D46DE8}") = "CrossCutting", "CrossCutting", "{65704FB0-A1C7-4832-9B57-9C2B205CF1CC}"
EndProject
Project("{2150E333-8FDC-42A3-9474-1A3956D46DE8}") = "Data", "Data", "{0ECE7332-FE78-4A44-AB3C-A4807D325D62}"
EndProject
Project("{2150E333-8FDC-42A3-9474-1A3956D46DE8}") = "Security", "Security", "{0CAEBF48-E07C-4413-9F9C-B3BFEC777F1E}"
EndProject
Project("{2150E333-8FDC-42A3-9474-1A3956D46DE8}") = "Transport", "Transport", "{7B76E999-EF7E-44B1-B3C0-3FA2A016F2A8}"
EndProject
Project("{2150E333-8FDC-42A3-9474-1A3956D46DE8}") = "web", "web", "{4B310C1E-F2CC-478C-A189-882D40EB5004}"
EndProject
Project("{9A19103F-16F7-4668-BE54-9A1E7A4F7556}") = "Belcorp.Hackathon.Client.Web", "1-Layers\1.1-Presentation\Belcorp.Hackathon.Client.Web\Belcorp.Hackathon.Client.Web.csproj", "{778DB744-AB70-4EA9-9392-D01C096181D7}"
EndProject
Global
	GlobalSection(SolutionConfigurationPlatforms) = preSolution
		Debug|Any CPU = Debug|Any CPU
		Release|Any CPU = Release|Any CPU
	EndGlobalSection
	GlobalSection(ProjectConfigurationPlatforms) = postSolution
		{778DB744-AB70-4EA9-9392-D01C096181D7}.Debug|Any CPU.ActiveCfg = Debug|Any CPU
		{778DB744-AB70-4EA9-9392-D01C096181D7}.Debug|Any CPU.Build.0 = Debug|Any CPU
		{778DB744-AB70-4EA9-9392-D01C096181D7}.Release|Any CPU.ActiveCfg = Release|Any CPU
		{778DB744-AB70-4EA9-9392-D01C096181D7}.Release|Any CPU.Build.0 = Release|Any CPU
	EndGlobalSection
	GlobalSection(SolutionProperties) = preSolution
		HideSolutionNode = FALSE
	EndGlobalSection
	GlobalSection(NestedProjects) = preSolution
		{57DCE29F-CC61-49AF-B4C0-C58E82FB77BB} = {50974818-43AF-4EE0-BDF2-2C4C092D343E}
		{1E6FC4D3-BB91-4DD5-9E5E-7C5AF57FBC7C} = {50974818-43AF-4EE0-BDF2-2C4C092D343E}
		{97411944-45DE-45C7-A560-6ACCE68C71AF} = {50974818-43AF-4EE0-BDF2-2C4C092D343E}
		{AA8EF001-F16F-4D45-B491-4EC2B7A777DB} = {1E6FC4D3-BB91-4DD5-9E5E-7C5AF57FBC7C}
		{E27D2E26-1F17-4288-9409-30D887748B35} = {1E6FC4D3-BB91-4DD5-9E5E-7C5AF57FBC7C}
		{0F909B29-DE2B-4F34-A9A2-B78523F59FE3} = {97411944-45DE-45C7-A560-6ACCE68C71AF}
		{65704FB0-A1C7-4832-9B57-9C2B205CF1CC} = {97411944-45DE-45C7-A560-6ACCE68C71AF}
		{0ECE7332-FE78-4A44-AB3C-A4807D325D62} = {97411944-45DE-45C7-A560-6ACCE68C71AF}
		{0CAEBF48-E07C-4413-9F9C-B3BFEC777F1E} = {97411944-45DE-45C7-A560-6ACCE68C71AF}
		{7B76E999-EF7E-44B1-B3C0-3FA2A016F2A8} = {97411944-45DE-45C7-A560-6ACCE68C71AF}
		{4B310C1E-F2CC-478C-A189-882D40EB5004} = {97411944-45DE-45C7-A560-6ACCE68C71AF}
		{778DB744-AB70-4EA9-9392-D01C096181D7} = {57DCE29F-CC61-49AF-B4C0-C58E82FB77BB}
	EndGlobalSection
	GlobalSection(ExtensibilityGlobals) = postSolution
		SolutionGuid = {5008458E-8086-4D15-94D3-D1EE99F541EA}
	EndGlobalSection
EndGlobal
